
Microsoft Visual Studio Solution File, Format Version 12.00
# Visual Studio Version 17
VisualStudioVersion = 17.7.34009.444
MinimumVisualStudioVersion = 10.0.40219.1
Project("{FAE04EC0-301F-11D3-BF4B-00C04F79EFBC}") = "Ejemplo_1", "Ejemplo_1\Ejemplo_1.csproj", "{93473CF0-6606-4346-AD41-96B860321C2F}"
EndProject
Project("{FAE04EC0-301F-11D3-BF4B-00C04F79EFBC}") = "Dominio", "Dominio\Dominio.csproj", "{FF157802-F95C-42CF-97C3-038D8587A5C7}"
EndProject
Global
	GlobalSection(SolutionConfigurationPlatforms) = preSolution
		Debug|Any CPU = Debug|Any CPU
		Release|Any CPU = Release|Any CPU
	EndGlobalSection
	GlobalSection(ProjectConfigurationPlatforms) = postSolution
		{93473CF0-6606-4346-AD41-96B860321C2F}.Debug|Any CPU.ActiveCfg = Debug|Any CPU
		{93473CF0-6606-4346-AD41-96B860321C2F}.Debug|Any CPU.Build.0 = Debug|Any CPU
		{93473CF0-6606-4346-AD41-96B860321C2F}.Release|Any CPU.ActiveCfg = Release|Any CPU
		{93473CF0-6606-4346-AD41-96B860321C2F}.Release|Any CPU.Build.0 = Release|Any CPU
		{FF157802-F95C-42CF-97C3-038D8587A5C7}.Debug|Any CPU.ActiveCfg = Debug|Any CPU
		{FF157802-F95C-42CF-97C3-038D8587A5C7}.Debug|Any CPU.Build.0 = Debug|Any CPU
		{FF157802-F95C-42CF-97C3-038D8587A5C7}.Release|Any CPU.ActiveCfg = Release|Any CPU
		{FF157802-F95C-42CF-97C3-038D8587A5C7}.Release|Any CPU.Build.0 = Release|Any CPU
	EndGlobalSection
	GlobalSection(SolutionProperties) = preSolution
		HideSolutionNode = FALSE
	EndGlobalSection
	GlobalSection(ExtensibilityGlobals) = postSolution
		SolutionGuid = {CA4043F8-A327-4D00-ACA2-62DA1BEC3FA5}
	EndGlobalSection
EndGlobal
